// !$*UTF8*$!
{
	archiveVersion = 1;
	classes = {
	};
	objectVersion = 46;
	objects = {

/* Begin PBXBuildFile section */
		1B4848831558F8350042450A /* MapOverlay.m in Sources */ = {isa = PBXBuildFile; fileRef = 1B4848801558F8350042450A /* MapOverlay.m */; };
		1B4848841558F8350042450A /* MapOverlayView.m in Sources */ = {isa = PBXBuildFile; fileRef = 1B4848821558F8350042450A /* MapOverlayView.m */; };
		1B4848871558F9570042450A /* MapKit.framework in Frameworks */ = {isa = PBXBuildFile; fileRef = 1B4848861558F9570042450A /* MapKit.framework */; };
		1B4848891558FD7E0042450A /* CoreLocation.framework in Frameworks */ = {isa = PBXBuildFile; fileRef = 1B4848881558FD7E0042450A /* CoreLocation.framework */; };
		1BC0CD861558EE6F00EA8367 /* UIKit.framework in Frameworks */ = {isa = PBXBuildFile; fileRef = 1BC0CD851558EE6F00EA8367 /* UIKit.framework */; };
		1BC0CD881558EE6F00EA8367 /* Foundation.framework in Frameworks */ = {isa = PBXBuildFile; fileRef = 1BC0CD871558EE6F00EA8367 /* Foundation.framework */; };
		1BC0CD8A1558EE6F00EA8367 /* CoreGraphics.framework in Frameworks */ = {isa = PBXBuildFile; fileRef = 1BC0CD891558EE6F00EA8367 /* CoreGraphics.framework */; };
		1BC0CD901558EE6F00EA8367 /* InfoPlist.strings in Resources */ = {isa = PBXBuildFile; fileRef = 1BC0CD8E1558EE6F00EA8367 /* InfoPlist.strings */; };
		1BC0CD921558EE6F00EA8367 /* main.m in Sources */ = {isa = PBXBuildFile; fileRef = 1BC0CD911558EE6F00EA8367 /* main.m */; };
		1BC0CD961558EE6F00EA8367 /* AppDelegate.m in Sources */ = {isa = PBXBuildFile; fileRef = 1BC0CD951558EE6F00EA8367 /* AppDelegate.m */; };
		1BC0CD991558EE6F00EA8367 /* ViewController.m in Sources */ = {isa = PBXBuildFile; fileRef = 1BC0CD981558EE6F00EA8367 /* ViewController.m */; };
		1BC0CD9C1558EE6F00EA8367 /* ViewController.xib in Resources */ = {isa = PBXBuildFile; fileRef = 1BC0CD9A1558EE6F00EA8367 /* ViewController.xib */; };
/* End PBXBuildFile section */

/* Begin PBXFileReference section */
		1B48487F1558F8350042450A /* MapOverlay.h */ = {isa = PBXFileReference; fileEncoding = 4; lastKnownFileType = sourcecode.c.h; path = MapOverlay.h; sourceTree = "<group>"; };
		1B4848801558F8350042450A /* MapOverlay.m */ = {isa = PBXFileReference; fileEncoding = 4; lastKnownFileType = sourcecode.c.objc; path = MapOverlay.m; sourceTree = "<group>"; };
		1B4848811558F8350042450A /* MapOverlayView.h */ = {isa = PBXFileReference; fileEncoding = 4; lastKnownFileType = sourcecode.c.h; path = MapOverlayView.h; sourceTree = "<group>"; };
		1B4848821558F8350042450A /* MapOverlayView.m */ = {isa = PBXFileReference; fileEncoding = 4; lastKnownFileType = sourcecode.c.objc; path = MapOverlayView.m; sourceTree = "<group>"; };
		1B4848861558F9570042450A /* MapKit.framework */ = {isa = PBXFileReference; lastKnownFileType = wrapper.framework; name = MapKit.framework; path = System/Library/Frameworks/MapKit.framework; sourceTree = SDKROOT; };
		1B4848881558FD7E0042450A /* CoreLocation.framework */ = {isa = PBXFileReference; lastKnownFileType = wrapper.framework; name = CoreLocation.framework; path = System/Library/Frameworks/CoreLocation.framework; sourceTree = SDKROOT; };
		1BC0CD811558EE6F00EA8367 /* RadarOverLay.app */ = {isa = PBXFileReference; explicitFileType = wrapper.application; includeInIndex = 0; path = RadarOverLay.app; sourceTree = BUILT_PRODUCTS_DIR; };
		1BC0CD851558EE6F00EA8367 /* UIKit.framework */ = {isa = PBXFileReference; lastKnownFileType = wrapper.framework; name = UIKit.framework; path = System/Library/Frameworks/UIKit.framework; sourceTree = SDKROOT; };
		1BC0CD871558EE6F00EA8367 /* Foundation.framework */ = {isa = PBXFileReference; lastKnownFileType = wrapper.framework; name = Foundation.framework; path = System/Library/Frameworks/Foundation.framework; sourceTree = SDKROOT; };
		1BC0CD891558EE6F00EA8367 /* CoreGraphics.framework */ = {isa = PBXFileReference; lastKnownFileType = wrapper.framework; name = CoreGraphics.framework; path = System/Library/Frameworks/CoreGraphics.framework; sourceTree = SDKROOT; };
		1BC0CD8D1558EE6F00EA8367 /* RadarOverLay-Info.plist */ = {isa = PBXFileReference; lastKnownFileType = text.plist.xml; path = "RadarOverLay-Info.plist"; sourceTree = "<group>"; };
		1BC0CD8F1558EE6F00EA8367 /* en */ = {isa = PBXFileReference; lastKnownFileType = text.plist.strings; name = en; path = en.lproj/InfoPlist.strings; sourceTree = "<group>"; };
		1BC0CD911558EE6F00EA8367 /* main.m */ = {isa = PBXFileReference; lastKnownFileType = sourcecode.c.objc; path = main.m; sourceTree = "<group>"; };
		1BC0CD931558EE6F00EA8367 /* RadarOverLay-Prefix.pch */ = {isa = PBXFileReference; lastKnownFileType = sourcecode.c.h; path = "RadarOverLay-Prefix.pch"; sourceTree = "<group>"; };
		1BC0CD941558EE6F00EA8367 /* AppDelegate.h */ = {isa = PBXFileReference; lastKnownFileType = sourcecode.c.h; path = AppDelegate.h; sourceTree = "<group>"; };
		1BC0CD951558EE6F00EA8367 /* AppDelegate.m */ = {isa = PBXFileReference; lastKnownFileType = sourcecode.c.objc; path = AppDelegate.m; sourceTree = "<group>"; };
		1BC0CD971558EE6F00EA8367 /* ViewController.h */ = {isa = PBXFileReference; lastKnownFileType = sourcecode.c.h; path = ViewController.h; sourceTree = "<group>"; };
		1BC0CD981558EE6F00EA8367 /* ViewController.m */ = {isa = PBXFileReference; lastKnownFileType = sourcecode.c.objc; path = ViewController.m; sourceTree = "<group>"; };
		1BC0CD9B1558EE6F00EA8367 /* en */ = {isa = PBXFileReference; lastKnownFileType = file.xib; name = en; path = en.lproj/ViewController.xib; sourceTree = "<group>"; };
/* End PBXFileReference section */

/* Begin PBXFrameworksBuildPhase section */
		1BC0CD7E1558EE6F00EA8367 /* Frameworks */ = {
			isa = PBXFrameworksBuildPhase;
			buildActionMask = 2147483647;
			files = (
				1B4848891558FD7E0042450A /* CoreLocation.framework in Frameworks */,
				1B4848871558F9570042450A /* MapKit.framework in Frameworks */,
				1BC0CD861558EE6F00EA8367 /* UIKit.framework in Frameworks */,
				1BC0CD881558EE6F00EA8367 /* Foundation.framework in Frameworks */,
				1BC0CD8A1558EE6F00EA8367 /* CoreGraphics.framework in Frameworks */,
			);
			runOnlyForDeploymentPostprocessing = 0;
		};
/* End PBXFrameworksBuildPhase section */

/* Begin PBXGroup section */
		1BC0CD761558EE6E00EA8367 = {
			isa = PBXGroup;
			children = (
				1BC0CD8B1558EE6F00EA8367 /* RadarOverLay */,
				1BC0CD841558EE6F00EA8367 /* Frameworks */,
				1BC0CD821558EE6F00EA8367 /* Products */,
			);
			sourceTree = "<group>";
		};
		1BC0CD821558EE6F00EA8367 /* Products */ = {
			isa = PBXGroup;
			children = (
				1BC0CD811558EE6F00EA8367 /* RadarOverLay.app */,
			);
			name = Products;
			sourceTree = "<group>";
		};
		1BC0CD841558EE6F00EA8367 /* Frameworks */ = {
			isa = PBXGroup;
			children = (
				1B4848881558FD7E0042450A /* CoreLocation.framework */,
				1B4848861558F9570042450A /* MapKit.framework */,
				1BC0CD851558EE6F00EA8367 /* UIKit.framework */,
				1BC0CD871558EE6F00EA8367 /* Foundation.framework */,
				1BC0CD891558EE6F00EA8367 /* CoreGraphics.framework */,
			);
			name = Frameworks;
			sourceTree = "<group>";
		};
		1BC0CD8B1558EE6F00EA8367 /* RadarOverLay */ = {
			isa = PBXGroup;
			children = (
				1B48487F1558F8350042450A /* MapOverlay.h */,
				1B4848801558F8350042450A /* MapOverlay.m */,
				1B4848811558F8350042450A /* MapOverlayView.h */,
				1B4848821558F8350042450A /* MapOverlayView.m */,
				1BC0CD941558EE6F00EA8367 /* AppDelegate.h */,
				1BC0CD951558EE6F00EA8367 /* AppDelegate.m */,
				1BC0CD971558EE6F00EA8367 /* ViewController.h */,
				1BC0CD981558EE6F00EA8367 /* ViewController.m */,
				1BC0CD9A1558EE6F00EA8367 /* ViewController.xib */,
				1BC0CD8C1558EE6F00EA8367 /* Supporting Files */,
			);
			path = RadarOverLay;
			sourceTree = "<group>";
		};
		1BC0CD8C1558EE6F00EA8367 /* Supporting Files */ = {
			isa = PBXGroup;
			children = (
				1BC0CD8D1558EE6F00EA8367 /* RadarOverLay-Info.plist */,
				1BC0CD8E1558EE6F00EA8367 /* InfoPlist.strings */,
				1BC0CD911558EE6F00EA8367 /* main.m */,
				1BC0CD931558EE6F00EA8367 /* RadarOverLay-Prefix.pch */,
			);
			name = "Supporting Files";
			sourceTree = "<group>";
		};
/* End PBXGroup section */

/* Begin PBXNativeTarget section */
		1BC0CD801558EE6F00EA8367 /* RadarOverLay */ = {
			isa = PBXNativeTarget;
			buildConfigurationList = 1BC0CD9F1558EE6F00EA8367 /* Build configuration list for PBXNativeTarget "RadarOverLay" */;
			buildPhases = (
				1BC0CD7D1558EE6F00EA8367 /* Sources */,
				1BC0CD7E1558EE6F00EA8367 /* Frameworks */,
				1BC0CD7F1558EE6F00EA8367 /* Resources */,
			);
			buildRules = (
			);
			dependencies = (
			);
			name = RadarOverLay;
			productName = RadarOverLay;
			productReference = 1BC0CD811558EE6F00EA8367 /* RadarOverLay.app */;
			productType = "com.apple.product-type.application";
		};
/* End PBXNativeTarget section */

/* Begin PBXProject section */
		1BC0CD781558EE6E00EA8367 /* Project object */ = {
			isa = PBXProject;
			attributes = {
				LastUpgradeCheck = 0430;
			};
			buildConfigurationList = 1BC0CD7B1558EE6E00EA8367 /* Build configuration list for PBXProject "RadarOverLay" */;
			compatibilityVersion = "Xcode 3.2";
			developmentRegion = English;
			hasScannedForEncodings = 0;
			knownRegions = (
				en,
			);
			mainGroup = 1BC0CD761558EE6E00EA8367;
			productRefGroup = 1BC0CD821558EE6F00EA8367 /* Products */;
			projectDirPath = "";
			projectRoot = "";
			targets = (
				1BC0CD801558EE6F00EA8367 /* RadarOverLay */,
			);
		};
/* End PBXProject section */

/* Begin PBXResourcesBuildPhase section */
		1BC0CD7F1558EE6F00EA8367 /* Resources */ = {
			isa = PBXResourcesBuildPhase;
			buildActionMask = 2147483647;
			files = (
				1BC0CD901558EE6F00EA8367 /* InfoPlist.strings in Resources */,
				1BC0CD9C1558EE6F00EA8367 /* ViewController.xib in Resources */,
			);
			runOnlyForDeploymentPostprocessing = 0;
		};
/* End PBXResourcesBuildPhase section */

/* Begin PBXSourcesBuildPhase section */
		1BC0CD7D1558EE6F00EA8367 /* Sources */ = {
			isa = PBXSourcesBuildPhase;
			buildActionMask = 2147483647;
			files = (
				1BC0CD921558EE6F00EA8367 /* main.m in Sources */,
				1BC0CD961558EE6F00EA8367 /* AppDelegate.m in Sources */,
				1BC0CD991558EE6F00EA8367 /* ViewController.m in Sources */,
				1B4848831558F8350042450A /* MapOverlay.m in Sources */,
				1B4848841558F8350042450A /* MapOverlayView.m in Sources */,
			);
			runOnlyForDeploymentPostprocessing = 0;
		};
/* End PBXSourcesBuildPhase section */

/* Begin PBXVariantGroup section */
		1BC0CD8E1558EE6F00EA8367 /* InfoPlist.strings */ = {
			isa = PBXVariantGroup;
			children = (
				1BC0CD8F1558EE6F00EA8367 /* en */,
			);
			name = InfoPlist.strings;
			sourceTree = "<group>";
		};
		1BC0CD9A1558EE6F00EA8367 /* ViewController.xib */ = {
			isa = PBXVariantGroup;
			children = (
				1BC0CD9B1558EE6F00EA8367 /* en */,
			);
			name = ViewController.xib;
			sourceTree = "<group>";
		};
/* End PBXVariantGroup section */

/* Begin XCBuildConfiguration section */
		1BC0CD9D1558EE6F00EA8367 /* Debug */ = {
			isa = XCBuildConfiguration;
			buildSettings = {
				ALWAYS_SEARCH_USER_PATHS = NO;
				ARCHS = "$(ARCHS_STANDARD_32_BIT)";
				CLANG_ENABLE_OBJC_ARC = YES;
				"CODE_SIGN_IDENTITY[sdk=iphoneos*]" = "iPhone Developer";
				COPY_PHASE_STRIP = NO;
				GCC_C_LANGUAGE_STANDARD = gnu99;
				GCC_DYNAMIC_NO_PIC = NO;
				GCC_OPTIMIZATION_LEVEL = 0;
				GCC_PREPROCESSOR_DEFINITIONS = (
					"DEBUG=1",
					"$(inherited)",
				);
				GCC_SYMBOLS_PRIVATE_EXTERN = NO;
				GCC_VERSION = com.apple.compilers.llvm.clang.1_0;
				GCC_WARN_ABOUT_RETURN_TYPE = YES;
				GCC_WARN_UNINITIALIZED_AUTOS = YES;
				GCC_WARN_UNUSED_VARIABLE = YES;
				IPHONEOS_DEPLOYMENT_TARGET = 5.1;
				SDKROOT = iphoneos;
				TARGETED_DEVICE_FAMILY = 2;
			};
			name = Debug;
		};
		1BC0CD9E1558EE6F00EA8367 /* Release */ = {
			isa = XCBuildConfiguration;
			buildSettings = {
				ALWAYS_SEARCH_USER_PATHS = NO;
				ARCHS = "$(ARCHS_STANDARD_32_BIT)";
				CLANG_ENABLE_OBJC_ARC = YES;
				"CODE_SIGN_IDENTITY[sdk=iphoneos*]" = "iPhone Developer";
				COPY_PHASE_STRIP = YES;
				GCC_C_LANGUAGE_STANDARD = gnu99;
				GCC_VERSION = com.apple.compilers.llvm.clang.1_0;
				GCC_WARN_ABOUT_RETURN_TYPE = YES;
				GCC_WARN_UNINITIALIZED_AUTOS = YES;
				GCC_WARN_UNUSED_VARIABLE = YES;
				IPHONEOS_DEPLOYMENT_TARGET = 5.1;
				OTHER_CFLAGS = "-DNS_BLOCK_ASSERTIONS=1";
				SDKROOT = iphoneos;
				TARGETED_DEVICE_FAMILY = 2;
				VALIDATE_PRODUCT = YES;
			};
			name = Release;
		};
		1BC0CDA01558EE6F00EA8367 /* Debug */ = {
			isa = XCBuildConfiguration;
			buildSettings = {
				GCC_PRECOMPILE_PREFIX_HEADER = YES;
				GCC_PREFIX_HEADER = "RadarOverLay/RadarOverLay-Prefix.pch";
				INFOPLIST_FILE = "RadarOverLay/RadarOverLay-Info.plist";
				PRODUCT_NAME = "$(TARGET_NAME)";
				WRAPPER_EXTENSION = app;
			};
			name = Debug;
		};
		1BC0CDA11558EE6F00EA8367 /* Release */ = {
			isa = XCBuildConfiguration;
			buildSettings = {
				GCC_PRECOMPILE_PREFIX_HEADER = YES;
				GCC_PREFIX_HEADER = "RadarOverLay/RadarOverLay-Prefix.pch";
				INFOPLIST_FILE = "RadarOverLay/RadarOverLay-Info.plist";
				PRODUCT_NAME = "$(TARGET_NAME)";
				WRAPPER_EXTENSION = app;
			};
			name = Release;
		};
/* End XCBuildConfiguration section */

/* Begin XCConfigurationList section */
		1BC0CD7B1558EE6E00EA8367 /* Build configuration list for PBXProject "RadarOverLay" */ = {
			isa = XCConfigurationList;
			buildConfigurations = (
				1BC0CD9D1558EE6F00EA8367 /* Debug */,
				1BC0CD9E1558EE6F00EA8367 /* Release */,
			);
			defaultConfigurationIsVisible = 0;
			defaultConfigurationName = Release;
		};
		1BC0CD9F1558EE6F00EA8367 /* Build configuration list for PBXNativeTarget "RadarOverLay" */ = {
			isa = XCConfigurationList;
			buildConfigurations = (
				1BC0CDA01558EE6F00EA8367 /* Debug */,
				1BC0CDA11558EE6F00EA8367 /* Release */,
			);
			defaultConfigurationIsVisible = 0;
			defaultConfigurationName = Release;
		};
/* End XCConfigurationList section */
	};
	rootObject = 1BC0CD781558EE6E00EA8367 /* Project object */;
}
